{
  "sources": {
    "etcd": {
      "path": "."
    },
    "curl": {
      "locked_version": "1.1.0"
    },
    "ubuntu": {
      "locked_version": "1.1.2"
    },
    "yum": {
      "locked_version": "3.0.4"
    },
    "etcd_testing_setup": {
      "path": "./test/cookbooks/etcd_testing_setup"
    },
    "ark": {
      "locked_version": "0.4.2"
    },
    "partial_search": {
      "locked_version": "1.0.6"
    },
    "git": {
      "locked_version": "2.9.1"
    },
    "dmg": {
      "locked_version": "2.0.4"
    },
    "build-essential": {
      "locked_version": "1.4.2"
    },
    "windows": {
      "locked_version": "1.12.6"
    },
    "chef_handler": {
      "locked_version": "1.1.4"
    },
    "runit": {
      "locked_version": "1.5.9"
    },
    "yum-epel": {
      "locked_version": "0.2.0"
    },
    "apt": {
      "locked_version": "2.2.1"
    }
  }
}
