DEPENDENCIES
  curl
  etcd
    path: .
    metadata: true
  etcd_testing_setup
    path: test/cookbooks/etcd_testing_setup
  ubuntu
  yum

GRAPH
  7-zip (1.0.2)
    windows (>= 1.2.2)
  apt (2.4.0)
  ark (0.9.0)
    7-zip (>= 0.0.0)
    windows (>= 0.0.0)
  build-essential (2.0.4)
  chef-sugar (2.0.0)
  chef_handler (1.1.6)
  curl (2.0.0)
  dmg (2.2.0)
  etcd (2.2.1)
    ark (>= 0.0.0)
    chef-sugar (>= 0.0.0)
    git (>= 0.0.0)
    partial_search (~> 1.0.6)
  etcd_testing_setup (0.0.1)
    curl (>= 0.0.0)
    ubuntu (>= 0.0.0)
    yum-epel (>= 0.0.0)
  git (4.0.2)
    build-essential (>= 0.0.0)
    dmg (>= 0.0.0)
    runit (>= 1.0.0)
    windows (>= 0.0.0)
    yum (~> 3.0)
    yum-epel (>= 0.0.0)
  partial_search (1.0.8)
  runit (1.5.10)
    build-essential (>= 0.0.0)
    yum (~> 3.0)
    yum-epel (>= 0.0.0)
  ubuntu (1.1.6)
    apt (>= 0.0.0)
  windows (1.31.0)
    chef_handler (>= 0.0.0)
  yum (3.2.2)
  yum-epel (0.3.6)
    yum (~> 3.0)
