{
  "sha": "f8d879989da5322b54aa31a9817ad7689759b575",
  "sources": {
    "etcd": {
      "locked_version": "1.2.4",
      "constraint": "= 1.2.4",
      "path": "."
    },
    "ubuntu": {
      "locked_version": "1.1.2"
    },
    "ark": {
      "locked_version": "0.3.0"
    },
    "apt": {
      "locked_version": "2.1.0"
    }
  }
}
